
Microsoft Visual Studio Solution File, Format Version 12.00
# Visual Studio Version 16
VisualStudioVersion = 16.0.29926.136
MinimumVisualStudioVersion = 10.0.40219.1
Project("{FAE04EC0-301F-11D3-BF4B-00C04F79EFBC}") = "Lab04", "Lab04\Lab04.csproj", "{09D578C2-BCA3-4476-BBB7-5F40BC0C015B}"
EndProject
Global
	GlobalSection(SolutionConfigurationPlatforms) = preSolution
		Debug|Any CPU = Debug|Any CPU
		Release|Any CPU = Release|Any CPU
	EndGlobalSection
	GlobalSection(ProjectConfigurationPlatforms) = postSolution
		{09D578C2-BCA3-4476-BBB7-5F40BC0C015B}.Debug|Any CPU.ActiveCfg = Debug|Any CPU
		{09D578C2-BCA3-4476-BBB7-5F40BC0C015B}.Debug|Any CPU.Build.0 = Debug|Any CPU
		{09D578C2-BCA3-4476-BBB7-5F40BC0C015B}.Release|Any CPU.ActiveCfg = Release|Any CPU
		{09D578C2-BCA3-4476-BBB7-5F40BC0C015B}.Release|Any CPU.Build.0 = Release|Any CPU
	EndGlobalSection
	GlobalSection(SolutionProperties) = preSolution
		HideSolutionNode = FALSE
	EndGlobalSection
	GlobalSection(ExtensibilityGlobals) = postSolution
		SolutionGuid = {90B87164-C794-432B-BCA4-8349F60270D5}
	EndGlobalSection
EndGlobal
